
Microsoft Visual Studio Solution File, Format Version 12.00
# Visual Studio 15
VisualStudioVersion = 15.0.26906.1
MinimumVisualStudioVersion = 10.0.40219.1
Project("{2150E333-8FDC-42A3-9474-1A3956D46DE8}") = "Solution Items", "Solution Items", "{7905CB75-BE6C-406F-BE8E-855517D617C4}"
	ProjectSection(SolutionItems) = preProject
		DemoPoolBetting.md = DemoPoolBetting.md
	EndProjectSection
EndProject
Project("{9A19103F-16F7-4668-BE54-9A1E7A4F7556}") = "RaceConsole", "RaceConsole\RaceConsole.csproj", "{1F6E5156-F708-4F30-B49C-98430FF5860E}"
EndProject
Project("{9A19103F-16F7-4668-BE54-9A1E7A4F7556}") = "EventConsole", "EventConsole\EventConsole.csproj", "{BF0CF912-0AA5-48F7-B4DE-FB7EB9EABD5B}"
EndProject
Project("{FAE04EC0-301F-11D3-BF4B-00C04F79EFBC}") = "MessageContracts", "MessageContracts\MessageContracts.csproj", "{C46FB447-100C-4D46-8642-7C519DAF39B5}"
EndProject
Global
	GlobalSection(SolutionConfigurationPlatforms) = preSolution
		Debug|Any CPU = Debug|Any CPU
		Release|Any CPU = Release|Any CPU
	EndGlobalSection
	GlobalSection(ProjectConfigurationPlatforms) = postSolution
		{1F6E5156-F708-4F30-B49C-98430FF5860E}.Debug|Any CPU.ActiveCfg = Debug|Any CPU
		{1F6E5156-F708-4F30-B49C-98430FF5860E}.Debug|Any CPU.Build.0 = Debug|Any CPU
		{1F6E5156-F708-4F30-B49C-98430FF5860E}.Release|Any CPU.ActiveCfg = Release|Any CPU
		{1F6E5156-F708-4F30-B49C-98430FF5860E}.Release|Any CPU.Build.0 = Release|Any CPU
		{BF0CF912-0AA5-48F7-B4DE-FB7EB9EABD5B}.Debug|Any CPU.ActiveCfg = Debug|Any CPU
		{BF0CF912-0AA5-48F7-B4DE-FB7EB9EABD5B}.Debug|Any CPU.Build.0 = Debug|Any CPU
		{BF0CF912-0AA5-48F7-B4DE-FB7EB9EABD5B}.Release|Any CPU.ActiveCfg = Release|Any CPU
		{BF0CF912-0AA5-48F7-B4DE-FB7EB9EABD5B}.Release|Any CPU.Build.0 = Release|Any CPU
		{C46FB447-100C-4D46-8642-7C519DAF39B5}.Debug|Any CPU.ActiveCfg = Debug|Any CPU
		{C46FB447-100C-4D46-8642-7C519DAF39B5}.Debug|Any CPU.Build.0 = Debug|Any CPU
		{C46FB447-100C-4D46-8642-7C519DAF39B5}.Release|Any CPU.ActiveCfg = Release|Any CPU
		{C46FB447-100C-4D46-8642-7C519DAF39B5}.Release|Any CPU.Build.0 = Release|Any CPU
	EndGlobalSection
	GlobalSection(SolutionProperties) = preSolution
		HideSolutionNode = FALSE
	EndGlobalSection
	GlobalSection(ExtensibilityGlobals) = postSolution
		SolutionGuid = {7534116D-C63F-464B-A671-12182B836832}
	EndGlobalSection
EndGlobal
